
Microsoft Visual Studio Solution File, Format Version 12.00
# Visual Studio Version 17
VisualStudioVersion = 17.0.31717.71
MinimumVisualStudioVersion = 10.0.40219.1
Project("{FAE04EC0-301F-11D3-BF4B-00C04F79EFBC}") = "BlazorApp1.Server", "Server\BlazorApp1.Server.csproj", "{893527AA-6A2B-49C5-AF33-63E0695052DA}"
EndProject
Project("{FAE04EC0-301F-11D3-BF4B-00C04F79EFBC}") = "BlazorApp1.Client", "Client\BlazorApp1.Client.csproj", "{B273DB15-4D31-44CC-ACD0-93AE7D93C0A5}"
EndProject
Global
	GlobalSection(SolutionConfigurationPlatforms) = preSolution
		Debug|Any CPU = Debug|Any CPU
		Release|Any CPU = Release|Any CPU
	EndGlobalSection
	GlobalSection(ProjectConfigurationPlatforms) = postSolution
		{893527AA-6A2B-49C5-AF33-63E0695052DA}.Debug|Any CPU.ActiveCfg = Debug|Any CPU
		{893527AA-6A2B-49C5-AF33-63E0695052DA}.Debug|Any CPU.Build.0 = Debug|Any CPU
		{893527AA-6A2B-49C5-AF33-63E0695052DA}.Release|Any CPU.ActiveCfg = Release|Any CPU
		{893527AA-6A2B-49C5-AF33-63E0695052DA}.Release|Any CPU.Build.0 = Release|Any CPU
		{B273DB15-4D31-44CC-ACD0-93AE7D93C0A5}.Debug|Any CPU.ActiveCfg = Debug|Any CPU
		{B273DB15-4D31-44CC-ACD0-93AE7D93C0A5}.Debug|Any CPU.Build.0 = Debug|Any CPU
		{B273DB15-4D31-44CC-ACD0-93AE7D93C0A5}.Release|Any CPU.ActiveCfg = Release|Any CPU
		{B273DB15-4D31-44CC-ACD0-93AE7D93C0A5}.Release|Any CPU.Build.0 = Release|Any CPU
	EndGlobalSection
	GlobalSection(SolutionProperties) = preSolution
		HideSolutionNode = FALSE
	EndGlobalSection
	GlobalSection(ExtensibilityGlobals) = postSolution
		SolutionGuid = {01BD1839-563A-4C90-A236-A1D0D4C144BC}
	EndGlobalSection
EndGlobal
